
Microsoft Visual Studio Solution File, Format Version 12.00
# Visual Studio Version 16
VisualStudioVersion = 16.0.31424.327
MinimumVisualStudioVersion = 10.0.40219.1
Project("{FAE04EC0-301F-11D3-BF4B-00C04F79EFBC}") = "Series", "Series\Series.csproj", "{5C1FFEDA-B21C-4572-8509-1D043111D46C}"
EndProject
Global
	GlobalSection(SolutionConfigurationPlatforms) = preSolution
		Debug|Any CPU = Debug|Any CPU
		Release|Any CPU = Release|Any CPU
	EndGlobalSection
	GlobalSection(ProjectConfigurationPlatforms) = postSolution
		{5C1FFEDA-B21C-4572-8509-1D043111D46C}.Debug|Any CPU.ActiveCfg = Debug|Any CPU
		{5C1FFEDA-B21C-4572-8509-1D043111D46C}.Debug|Any CPU.Build.0 = Debug|Any CPU
		{5C1FFEDA-B21C-4572-8509-1D043111D46C}.Release|Any CPU.ActiveCfg = Release|Any CPU
		{5C1FFEDA-B21C-4572-8509-1D043111D46C}.Release|Any CPU.Build.0 = Release|Any CPU
	EndGlobalSection
	GlobalSection(SolutionProperties) = preSolution
		HideSolutionNode = FALSE
	EndGlobalSection
	GlobalSection(ExtensibilityGlobals) = postSolution
		SolutionGuid = {777745AE-08DF-4F99-B9AB-96358E6BB111}
	EndGlobalSection
EndGlobal
